
Microsoft Visual Studio Solution File, Format Version 12.00
# Visual Studio Version 17
VisualStudioVersion = 17.14.36705.20 d17.14
MinimumVisualStudioVersion = 10.0.40219.1
Project("{FAE04EC0-301F-11D3-BF4B-00C04F79EFBC}") = "AlarmSystemREST", "AlarmSystemREST\AlarmSystemREST.csproj", "{689ECE45-5388-48B3-8186-21938F73396A}"
EndProject
Project("{FAE04EC0-301F-11D3-BF4B-00C04F79EFBC}") = "AlarmSystemLib", "AlarmSystemLib\AlarmSystemLib.csproj", "{5DCDE476-8B7F-4455-BD6E-320FC4E3CB9D}"
EndProject
Global
	GlobalSection(SolutionConfigurationPlatforms) = preSolution
		Debug|Any CPU = Debug|Any CPU
		Release|Any CPU = Release|Any CPU
	EndGlobalSection
	GlobalSection(ProjectConfigurationPlatforms) = postSolution
		{689ECE45-5388-48B3-8186-21938F73396A}.Debug|Any CPU.ActiveCfg = Debug|Any CPU
		{689ECE45-5388-48B3-8186-21938F73396A}.Debug|Any CPU.Build.0 = Debug|Any CPU
		{689ECE45-5388-48B3-8186-21938F73396A}.Release|Any CPU.ActiveCfg = Release|Any CPU
		{689ECE45-5388-48B3-8186-21938F73396A}.Release|Any CPU.Build.0 = Release|Any CPU
		{5DCDE476-8B7F-4455-BD6E-320FC4E3CB9D}.Debug|Any CPU.ActiveCfg = Debug|Any CPU
		{5DCDE476-8B7F-4455-BD6E-320FC4E3CB9D}.Debug|Any CPU.Build.0 = Debug|Any CPU
		{5DCDE476-8B7F-4455-BD6E-320FC4E3CB9D}.Release|Any CPU.ActiveCfg = Release|Any CPU
		{5DCDE476-8B7F-4455-BD6E-320FC4E3CB9D}.Release|Any CPU.Build.0 = Release|Any CPU
	EndGlobalSection
	GlobalSection(SolutionProperties) = preSolution
		HideSolutionNode = FALSE
	EndGlobalSection
	GlobalSection(ExtensibilityGlobals) = postSolution
		SolutionGuid = {968EADC2-DA53-4B8A-A417-C43FC1543F6D}
	EndGlobalSection
EndGlobal
